<Solution>
  <Folder Name="/src/">
    <Project Path="src/HexMaster.CodingStandards.Mcp/HexMaster.CodingStandards.Mcp.csproj" Id="bece79f3-b6c0-4bc5-9718-d2cf17b4c5e4" />
    <Project Path="src/HexMaster.CodingStandards.Docs/HexMaster.CodingStandards.Docs.csproj" />
  </Folder>
  <Folder Name="/tests/">
    <Project Path="tests/HexMaster.CodingStandards.Docs.Tests/HexMaster.CodingStandards.Docs.Tests.csproj" />
  </Folder>
</Solution>
